// !$*UTF8*$!
{
	archiveVersion = 1;
	classes = {
	};
	objectVersion = 51;
	objects = {

/* Begin PBXBuildFile section */
		2534455B9971988F0D83F72F /* Pods_Unsplash_with_storyboard_tutorial.framework in Frameworks */ = {isa = PBXBuildFile; fileRef = 7411BA6D5E324975F67AC4C3 /* Pods_Unsplash_with_storyboard_tutorial.framework */; };
		F2A2337424EF580B00CF4767 /* AppDelegate.swift in Sources */ = {isa = PBXBuildFile; fileRef = F2A2337324EF580B00CF4767 /* AppDelegate.swift */; };
		F2A2337624EF580B00CF4767 /* SceneDelegate.swift in Sources */ = {isa = PBXBuildFile; fileRef = F2A2337524EF580B00CF4767 /* SceneDelegate.swift */; };
		F2A2337824EF580B00CF4767 /* HomeVC.swift in Sources */ = {isa = PBXBuildFile; fileRef = F2A2337724EF580B00CF4767 /* HomeVC.swift */; };
		F2A2337B24EF580B00CF4767 /* Main.storyboard in Resources */ = {isa = PBXBuildFile; fileRef = F2A2337924EF580B00CF4767 /* Main.storyboard */; };
		F2A2337D24EF580D00CF4767 /* Assets.xcassets in Resources */ = {isa = PBXBuildFile; fileRef = F2A2337C24EF580D00CF4767 /* Assets.xcassets */; };
		F2A2338024EF580D00CF4767 /* LaunchScreen.storyboard in Resources */ = {isa = PBXBuildFile; fileRef = F2A2337E24EF580D00CF4767 /* LaunchScreen.storyboard */; };
		F2A2338824EF5A7100CF4767 /* UserListVC.swift in Sources */ = {isa = PBXBuildFile; fileRef = F2A2338724EF5A7100CF4767 /* UserListVC.swift */; };
		F2A2338A24EF5AB900CF4767 /* PhotoCollectionVC.swift in Sources */ = {isa = PBXBuildFile; fileRef = F2A2338924EF5AB900CF4767 /* PhotoCollectionVC.swift */; };
		F2A2338E24EF6F9600CF4767 /* Constants.swift in Sources */ = {isa = PBXBuildFile; fileRef = F2A2338D24EF6F9600CF4767 /* Constants.swift */; };
		F2A2339024EF70BA00CF4767 /* BaseVC.swift in Sources */ = {isa = PBXBuildFile; fileRef = F2A2338F24EF70BA00CF4767 /* BaseVC.swift */; };
/* End PBXBuildFile section */

/* Begin PBXFileReference section */
		4E96503D67BADE5E53E0A376 /* Pods-Unsplash_with_storyboard_tutorial.debug.xcconfig */ = {isa = PBXFileReference; includeInIndex = 1; lastKnownFileType = text.xcconfig; name = "Pods-Unsplash_with_storyboard_tutorial.debug.xcconfig"; path = "Target Support Files/Pods-Unsplash_with_storyboard_tutorial/Pods-Unsplash_with_storyboard_tutorial.debug.xcconfig"; sourceTree = "<group>"; };
		7411BA6D5E324975F67AC4C3 /* Pods_Unsplash_with_storyboard_tutorial.framework */ = {isa = PBXFileReference; explicitFileType = wrapper.framework; includeInIndex = 0; path = Pods_Unsplash_with_storyboard_tutorial.framework; sourceTree = BUILT_PRODUCTS_DIR; };
		DE54F59F8AABC70CB6059329 /* Pods-Unsplash_with_storyboard_tutorial.release.xcconfig */ = {isa = PBXFileReference; includeInIndex = 1; lastKnownFileType = text.xcconfig; name = "Pods-Unsplash_with_storyboard_tutorial.release.xcconfig"; path = "Target Support Files/Pods-Unsplash_with_storyboard_tutorial/Pods-Unsplash_with_storyboard_tutorial.release.xcconfig"; sourceTree = "<group>"; };
		F2A2337024EF580B00CF4767 /* Unsplash_with_storyboard_tutorial.app */ = {isa = PBXFileReference; explicitFileType = wrapper.application; includeInIndex = 0; path = Unsplash_with_storyboard_tutorial.app; sourceTree = BUILT_PRODUCTS_DIR; };
		F2A2337324EF580B00CF4767 /* AppDelegate.swift */ = {isa = PBXFileReference; lastKnownFileType = sourcecode.swift; path = AppDelegate.swift; sourceTree = "<group>"; };
		F2A2337524EF580B00CF4767 /* SceneDelegate.swift */ = {isa = PBXFileReference; lastKnownFileType = sourcecode.swift; path = SceneDelegate.swift; sourceTree = "<group>"; };
		F2A2337724EF580B00CF4767 /* HomeVC.swift */ = {isa = PBXFileReference; lastKnownFileType = sourcecode.swift; path = HomeVC.swift; sourceTree = "<group>"; };
		F2A2337A24EF580B00CF4767 /* Base */ = {isa = PBXFileReference; lastKnownFileType = file.storyboard; name = Base; path = Base.lproj/Main.storyboard; sourceTree = "<group>"; };
		F2A2337C24EF580D00CF4767 /* Assets.xcassets */ = {isa = PBXFileReference; lastKnownFileType = folder.assetcatalog; path = Assets.xcassets; sourceTree = "<group>"; };
		F2A2337F24EF580D00CF4767 /* Base */ = {isa = PBXFileReference; lastKnownFileType = file.storyboard; name = Base; path = Base.lproj/LaunchScreen.storyboard; sourceTree = "<group>"; };
		F2A2338124EF580D00CF4767 /* Info.plist */ = {isa = PBXFileReference; lastKnownFileType = text.plist.xml; path = Info.plist; sourceTree = "<group>"; };
		F2A2338724EF5A7100CF4767 /* UserListVC.swift */ = {isa = PBXFileReference; lastKnownFileType = sourcecode.swift; path = UserListVC.swift; sourceTree = "<group>"; };
		F2A2338924EF5AB900CF4767 /* PhotoCollectionVC.swift */ = {isa = PBXFileReference; lastKnownFileType = sourcecode.swift; path = PhotoCollectionVC.swift; sourceTree = "<group>"; };
		F2A2338D24EF6F9600CF4767 /* Constants.swift */ = {isa = PBXFileReference; lastKnownFileType = sourcecode.swift; path = Constants.swift; sourceTree = "<group>"; };
		F2A2338F24EF70BA00CF4767 /* BaseVC.swift */ = {isa = PBXFileReference; lastKnownFileType = sourcecode.swift; path = BaseVC.swift; sourceTree = "<group>"; };
/* End PBXFileReference section */

/* Begin PBXFrameworksBuildPhase section */
		F2A2336D24EF580B00CF4767 /* Frameworks */ = {
			isa = PBXFrameworksBuildPhase;
			buildActionMask = 2147483647;
			files = (
				2534455B9971988F0D83F72F /* Pods_Unsplash_with_storyboard_tutorial.framework in Frameworks */,
			);
			runOnlyForDeploymentPostprocessing = 0;
		};
/* End PBXFrameworksBuildPhase section */

/* Begin PBXGroup section */
		68DB9555F19FF74B6A9563B5 /* Pods */ = {
			isa = PBXGroup;
			children = (
				4E96503D67BADE5E53E0A376 /* Pods-Unsplash_with_storyboard_tutorial.debug.xcconfig */,
				DE54F59F8AABC70CB6059329 /* Pods-Unsplash_with_storyboard_tutorial.release.xcconfig */,
			);
			path = Pods;
			sourceTree = "<group>";
		};
		C0086199518BEC7D61C753C2 /* Frameworks */ = {
			isa = PBXGroup;
			children = (
				7411BA6D5E324975F67AC4C3 /* Pods_Unsplash_with_storyboard_tutorial.framework */,
			);
			name = Frameworks;
			sourceTree = "<group>";
		};
		F2A2336724EF580B00CF4767 = {
			isa = PBXGroup;
			children = (
				F2A2337224EF580B00CF4767 /* Unsplash_with_storyboard_tutorial */,
				F2A2337124EF580B00CF4767 /* Products */,
				68DB9555F19FF74B6A9563B5 /* Pods */,
				C0086199518BEC7D61C753C2 /* Frameworks */,
			);
			sourceTree = "<group>";
		};
		F2A2337124EF580B00CF4767 /* Products */ = {
			isa = PBXGroup;
			children = (
				F2A2337024EF580B00CF4767 /* Unsplash_with_storyboard_tutorial.app */,
			);
			name = Products;
			sourceTree = "<group>";
		};
		F2A2337224EF580B00CF4767 /* Unsplash_with_storyboard_tutorial */ = {
			isa = PBXGroup;
			children = (
				F2A2338C24EF6F8800CF4767 /* Utils */,
				F2A2337324EF580B00CF4767 /* AppDelegate.swift */,
				F2A2337524EF580B00CF4767 /* SceneDelegate.swift */,
				F2A2338B24EF65CE00CF4767 /* ViewControllers */,
				F2A2337924EF580B00CF4767 /* Main.storyboard */,
				F2A2337E24EF580D00CF4767 /* LaunchScreen.storyboard */,
				F2A2337C24EF580D00CF4767 /* Assets.xcassets */,
				F2A2338124EF580D00CF4767 /* Info.plist */,
			);
			path = Unsplash_with_storyboard_tutorial;
			sourceTree = "<group>";
		};
		F2A2338B24EF65CE00CF4767 /* ViewControllers */ = {
			isa = PBXGroup;
			children = (
				F2A2337724EF580B00CF4767 /* HomeVC.swift */,
				F2A2338724EF5A7100CF4767 /* UserListVC.swift */,
				F2A2338924EF5AB900CF4767 /* PhotoCollectionVC.swift */,
				F2A2338F24EF70BA00CF4767 /* BaseVC.swift */,
			);
			path = ViewControllers;
			sourceTree = "<group>";
		};
		F2A2338C24EF6F8800CF4767 /* Utils */ = {
			isa = PBXGroup;
			children = (
				F2A2338D24EF6F9600CF4767 /* Constants.swift */,
			);
			path = Utils;
			sourceTree = "<group>";
		};
/* End PBXGroup section */

/* Begin PBXNativeTarget section */
		F2A2336F24EF580B00CF4767 /* Unsplash_with_storyboard_tutorial */ = {
			isa = PBXNativeTarget;
			buildConfigurationList = F2A2338424EF580D00CF4767 /* Build configuration list for PBXNativeTarget "Unsplash_with_storyboard_tutorial" */;
			buildPhases = (
				322B406C90BCE9C8B4C50C9D /* [CP] Check Pods Manifest.lock */,
				F2A2336C24EF580B00CF4767 /* Sources */,
				F2A2336D24EF580B00CF4767 /* Frameworks */,
				F2A2336E24EF580B00CF4767 /* Resources */,
				5B27514D45DF7826DD9E7CE7 /* [CP] Embed Pods Frameworks */,
			);
			buildRules = (
			);
			dependencies = (
			);
			name = Unsplash_with_storyboard_tutorial;
			productName = Unsplash_with_storyboard_tutorial;
			productReference = F2A2337024EF580B00CF4767 /* Unsplash_with_storyboard_tutorial.app */;
			productType = "com.apple.product-type.application";
		};
/* End PBXNativeTarget section */

/* Begin PBXProject section */
		F2A2336824EF580B00CF4767 /* Project object */ = {
			isa = PBXProject;
			attributes = {
				LastSwiftUpdateCheck = 1160;
				LastUpgradeCheck = 1160;
				ORGANIZATIONNAME = Tuentuenna;
				TargetAttributes = {
					F2A2336F24EF580B00CF4767 = {
						CreatedOnToolsVersion = 11.6;
					};
				};
			};
			buildConfigurationList = F2A2336B24EF580B00CF4767 /* Build configuration list for PBXProject "Unsplash_with_storyboard_tutorial" */;
			compatibilityVersion = "Xcode 9.3";
			developmentRegion = en;
			hasScannedForEncodings = 0;
			knownRegions = (
				en,
				Base,
			);
			mainGroup = F2A2336724EF580B00CF4767;
			productRefGroup = F2A2337124EF580B00CF4767 /* Products */;
			projectDirPath = "";
			projectRoot = "";
			targets = (
				F2A2336F24EF580B00CF4767 /* Unsplash_with_storyboard_tutorial */,
			);
		};
/* End PBXProject section */

/* Begin PBXResourcesBuildPhase section */
		F2A2336E24EF580B00CF4767 /* Resources */ = {
			isa = PBXResourcesBuildPhase;
			buildActionMask = 2147483647;
			files = (
				F2A2338024EF580D00CF4767 /* LaunchScreen.storyboard in Resources */,
				F2A2337D24EF580D00CF4767 /* Assets.xcassets in Resources */,
				F2A2337B24EF580B00CF4767 /* Main.storyboard in Resources */,
			);
			runOnlyForDeploymentPostprocessing = 0;
		};
/* End PBXResourcesBuildPhase section */

/* Begin PBXShellScriptBuildPhase section */
		322B406C90BCE9C8B4C50C9D /* [CP] Check Pods Manifest.lock */ = {
			isa = PBXShellScriptBuildPhase;
			buildActionMask = 2147483647;
			files = (
			);
			inputFileListPaths = (
			);
			inputPaths = (
				"${PODS_PODFILE_DIR_PATH}/Podfile.lock",
				"${PODS_ROOT}/Manifest.lock",
			);
			name = "[CP] Check Pods Manifest.lock";
			outputFileListPaths = (
			);
			outputPaths = (
				"$(DERIVED_FILE_DIR)/Pods-Unsplash_with_storyboard_tutorial-checkManifestLockResult.txt",
			);
			runOnlyForDeploymentPostprocessing = 0;
			shellPath = /bin/sh;
			shellScript = "diff \"${PODS_PODFILE_DIR_PATH}/Podfile.lock\" \"${PODS_ROOT}/Manifest.lock\" > /dev/null\nif [ $? != 0 ] ; then\n    # print error to STDERR\n    echo \"error: The sandbox is not in sync with the Podfile.lock. Run 'pod install' or update your CocoaPods installation.\" >&2\n    exit 1\nfi\n# This output is used by Xcode 'outputs' to avoid re-running this script phase.\necho \"SUCCESS\" > \"${SCRIPT_OUTPUT_FILE_0}\"\n";
			showEnvVarsInLog = 0;
		};
		5B27514D45DF7826DD9E7CE7 /* [CP] Embed Pods Frameworks */ = {
			isa = PBXShellScriptBuildPhase;
			buildActionMask = 2147483647;
			files = (
			);
			inputFileListPaths = (
				"${PODS_ROOT}/Target Support Files/Pods-Unsplash_with_storyboard_tutorial/Pods-Unsplash_with_storyboard_tutorial-frameworks-${CONFIGURATION}-input-files.xcfilelist",
			);
			name = "[CP] Embed Pods Frameworks";
			outputFileListPaths = (
				"${PODS_ROOT}/Target Support Files/Pods-Unsplash_with_storyboard_tutorial/Pods-Unsplash_with_storyboard_tutorial-frameworks-${CONFIGURATION}-output-files.xcfilelist",
			);
			runOnlyForDeploymentPostprocessing = 0;
			shellPath = /bin/sh;
			shellScript = "\"${PODS_ROOT}/Target Support Files/Pods-Unsplash_with_storyboard_tutorial/Pods-Unsplash_with_storyboard_tutorial-frameworks.sh\"\n";
			showEnvVarsInLog = 0;
		};
/* End PBXShellScriptBuildPhase section */

/* Begin PBXSourcesBuildPhase section */
		F2A2336C24EF580B00CF4767 /* Sources */ = {
			isa = PBXSourcesBuildPhase;
			buildActionMask = 2147483647;
			files = (
				F2A2337824EF580B00CF4767 /* HomeVC.swift in Sources */,
				F2A2337424EF580B00CF4767 /* AppDelegate.swift in Sources */,
				F2A2337624EF580B00CF4767 /* SceneDelegate.swift in Sources */,
				F2A2338824EF5A7100CF4767 /* UserListVC.swift in Sources */,
				F2A2338A24EF5AB900CF4767 /* PhotoCollectionVC.swift in Sources */,
				F2A2339024EF70BA00CF4767 /* BaseVC.swift in Sources */,
				F2A2338E24EF6F9600CF4767 /* Constants.swift in Sources */,
			);
			runOnlyForDeploymentPostprocessing = 0;
		};
/* End PBXSourcesBuildPhase section */

/* Begin PBXVariantGroup section */
		F2A2337924EF580B00CF4767 /* Main.storyboard */ = {
			isa = PBXVariantGroup;
			children = (
				F2A2337A24EF580B00CF4767 /* Base */,
			);
			name = Main.storyboard;
			sourceTree = "<group>";
		};
		F2A2337E24EF580D00CF4767 /* LaunchScreen.storyboard */ = {
			isa = PBXVariantGroup;
			children = (
				F2A2337F24EF580D00CF4767 /* Base */,
			);
			name = LaunchScreen.storyboard;
			sourceTree = "<group>";
		};
/* End PBXVariantGroup section */

/* Begin XCBuildConfiguration section */
		F2A2338224EF580D00CF4767 /* Debug */ = {
			isa = XCBuildConfiguration;
			buildSettings = {
				ALWAYS_SEARCH_USER_PATHS = NO;
				CLANG_ANALYZER_NONNULL = YES;
				CLANG_ANALYZER_NUMBER_OBJECT_CONVERSION = YES_AGGRESSIVE;
				CLANG_CXX_LANGUAGE_STANDARD = "gnu++14";
				CLANG_CXX_LIBRARY = "libc++";
				CLANG_ENABLE_MODULES = YES;
				CLANG_ENABLE_OBJC_ARC = YES;
				CLANG_ENABLE_OBJC_WEAK = YES;
				CLANG_WARN_BLOCK_CAPTURE_AUTORELEASING = YES;
				CLANG_WARN_BOOL_CONVERSION = YES;
				CLANG_WARN_COMMA = YES;
				CLANG_WARN_CONSTANT_CONVERSION = YES;
				CLANG_WARN_DEPRECATED_OBJC_IMPLEMENTATIONS = YES;
				CLANG_WARN_DIRECT_OBJC_ISA_USAGE = YES_ERROR;
				CLANG_WARN_DOCUMENTATION_COMMENTS = YES;
				CLANG_WARN_EMPTY_BODY = YES;
				CLANG_WARN_ENUM_CONVERSION = YES;
				CLANG_WARN_INFINITE_RECURSION = YES;
				CLANG_WARN_INT_CONVERSION = YES;
				CLANG_WARN_NON_LITERAL_NULL_CONVERSION = YES;
				CLANG_WARN_OBJC_IMPLICIT_RETAIN_SELF = YES;
				CLANG_WARN_OBJC_LITERAL_CONVERSION = YES;
				CLANG_WARN_OBJC_ROOT_CLASS = YES_ERROR;
				CLANG_WARN_RANGE_LOOP_ANALYSIS = YES;
				CLANG_WARN_STRICT_PROTOTYPES = YES;
				CLANG_WARN_SUSPICIOUS_MOVE = YES;
				CLANG_WARN_UNGUARDED_AVAILABILITY = YES_AGGRESSIVE;
				CLANG_WARN_UNREACHABLE_CODE = YES;
				CLANG_WARN__DUPLICATE_METHOD_MATCH = YES;
				COPY_PHASE_STRIP = NO;
				DEBUG_INFORMATION_FORMAT = dwarf;
				ENABLE_STRICT_OBJC_MSGSEND = YES;
				ENABLE_TESTABILITY = YES;
				GCC_C_LANGUAGE_STANDARD = gnu11;
				GCC_DYNAMIC_NO_PIC = NO;
				GCC_NO_COMMON_BLOCKS = YES;
				GCC_OPTIMIZATION_LEVEL = 0;
				GCC_PREPROCESSOR_DEFINITIONS = (
					"DEBUG=1",
					"$(inherited)",
				);
				GCC_WARN_64_TO_32_BIT_CONVERSION = YES;
				GCC_WARN_ABOUT_RETURN_TYPE = YES_ERROR;
				GCC_WARN_UNDECLARED_SELECTOR = YES;
				GCC_WARN_UNINITIALIZED_AUTOS = YES_AGGRESSIVE;
				GCC_WARN_UNUSED_FUNCTION = YES;
				GCC_WARN_UNUSED_VARIABLE = YES;
				IPHONEOS_DEPLOYMENT_TARGET = 13.6;
				MTL_ENABLE_DEBUG_INFO = INCLUDE_SOURCE;
				MTL_FAST_MATH = YES;
				ONLY_ACTIVE_ARCH = YES;
				SDKROOT = iphoneos;
				SWIFT_ACTIVE_COMPILATION_CONDITIONS = DEBUG;
				SWIFT_OPTIMIZATION_LEVEL = "-Onone";
			};
			name = Debug;
		};
		F2A2338324EF580D00CF4767 /* Release */ = {
			isa = XCBuildConfiguration;
			buildSettings = {
				ALWAYS_SEARCH_USER_PATHS = NO;
				CLANG_ANALYZER_NONNULL = YES;
				CLANG_ANALYZER_NUMBER_OBJECT_CONVERSION = YES_AGGRESSIVE;
				CLANG_CXX_LANGUAGE_STANDARD = "gnu++14";
				CLANG_CXX_LIBRARY = "libc++";
				CLANG_ENABLE_MODULES = YES;
				CLANG_ENABLE_OBJC_ARC = YES;
				CLANG_ENABLE_OBJC_WEAK = YES;
				CLANG_WARN_BLOCK_CAPTURE_AUTORELEASING = YES;
				CLANG_WARN_BOOL_CONVERSION = YES;
				CLANG_WARN_COMMA = YES;
				CLANG_WARN_CONSTANT_CONVERSION = YES;
				CLANG_WARN_DEPRECATED_OBJC_IMPLEMENTATIONS = YES;
				CLANG_WARN_DIRECT_OBJC_ISA_USAGE = YES_ERROR;
				CLANG_WARN_DOCUMENTATION_COMMENTS = YES;
				CLANG_WARN_EMPTY_BODY = YES;
				CLANG_WARN_ENUM_CONVERSION = YES;
				CLANG_WARN_INFINITE_RECURSION = YES;
				CLANG_WARN_INT_CONVERSION = YES;
				CLANG_WARN_NON_LITERAL_NULL_CONVERSION = YES;
				CLANG_WARN_OBJC_IMPLICIT_RETAIN_SELF = YES;
				CLANG_WARN_OBJC_LITERAL_CONVERSION = YES;
				CLANG_WARN_OBJC_ROOT_CLASS = YES_ERROR;
				CLANG_WARN_RANGE_LOOP_ANALYSIS = YES;
				CLANG_WARN_STRICT_PROTOTYPES = YES;
				CLANG_WARN_SUSPICIOUS_MOVE = YES;
				CLANG_WARN_UNGUARDED_AVAILABILITY = YES_AGGRESSIVE;
				CLANG_WARN_UNREACHABLE_CODE = YES;
				CLANG_WARN__DUPLICATE_METHOD_MATCH = YES;
				COPY_PHASE_STRIP = NO;
				DEBUG_INFORMATION_FORMAT = "dwarf-with-dsym";
				ENABLE_NS_ASSERTIONS = NO;
				ENABLE_STRICT_OBJC_MSGSEND = YES;
				GCC_C_LANGUAGE_STANDARD = gnu11;
				GCC_NO_COMMON_BLOCKS = YES;
				GCC_WARN_64_TO_32_BIT_CONVERSION = YES;
				GCC_WARN_ABOUT_RETURN_TYPE = YES_ERROR;
				GCC_WARN_UNDECLARED_SELECTOR = YES;
				GCC_WARN_UNINITIALIZED_AUTOS = YES_AGGRESSIVE;
				GCC_WARN_UNUSED_FUNCTION = YES;
				GCC_WARN_UNUSED_VARIABLE = YES;
				IPHONEOS_DEPLOYMENT_TARGET = 13.6;
				MTL_ENABLE_DEBUG_INFO = NO;
				MTL_FAST_MATH = YES;
				SDKROOT = iphoneos;
				SWIFT_COMPILATION_MODE = wholemodule;
				SWIFT_OPTIMIZATION_LEVEL = "-O";
				VALIDATE_PRODUCT = YES;
			};
			name = Release;
		};
		F2A2338524EF580D00CF4767 /* Debug */ = {
			isa = XCBuildConfiguration;
			baseConfigurationReference = 4E96503D67BADE5E53E0A376 /* Pods-Unsplash_with_storyboard_tutorial.debug.xcconfig */;
			buildSettings = {
				ASSETCATALOG_COMPILER_APPICON_NAME = AppIcon;
				CODE_SIGN_STYLE = Automatic;
				DEVELOPMENT_TEAM = 67XDG42679;
				INFOPLIST_FILE = Unsplash_with_storyboard_tutorial/Info.plist;
				LD_RUNPATH_SEARCH_PATHS = (
					"$(inherited)",
					"@executable_path/Frameworks",
				);
				PRODUCT_BUNDLE_IDENTIFIER = "com.tuentuenna.Unsplash-with-storyboard-tutorial";
				PRODUCT_NAME = "$(TARGET_NAME)";
				SWIFT_VERSION = 5.0;
				TARGETED_DEVICE_FAMILY = "1,2";
			};
			name = Debug;
		};
		F2A2338624EF580D00CF4767 /* Release */ = {
			isa = XCBuildConfiguration;
			baseConfigurationReference = DE54F59F8AABC70CB6059329 /* Pods-Unsplash_with_storyboard_tutorial.release.xcconfig */;
			buildSettings = {
				ASSETCATALOG_COMPILER_APPICON_NAME = AppIcon;
				CODE_SIGN_STYLE = Automatic;
				DEVELOPMENT_TEAM = 67XDG42679;
				INFOPLIST_FILE = Unsplash_with_storyboard_tutorial/Info.plist;
				LD_RUNPATH_SEARCH_PATHS = (
					"$(inherited)",
					"@executable_path/Frameworks",
				);
				PRODUCT_BUNDLE_IDENTIFIER = "com.tuentuenna.Unsplash-with-storyboard-tutorial";
				PRODUCT_NAME = "$(TARGET_NAME)";
				SWIFT_VERSION = 5.0;
				TARGETED_DEVICE_FAMILY = "1,2";
			};
			name = Release;
		};
/* End XCBuildConfiguration section */

/* Begin XCConfigurationList section */
		F2A2336B24EF580B00CF4767 /* Build configuration list for PBXProject "Unsplash_with_storyboard_tutorial" */ = {
			isa = XCConfigurationList;
			buildConfigurations = (
				F2A2338224EF580D00CF4767 /* Debug */,
				F2A2338324EF580D00CF4767 /* Release */,
			);
			defaultConfigurationIsVisible = 0;
			defaultConfigurationName = Release;
		};
		F2A2338424EF580D00CF4767 /* Build configuration list for PBXNativeTarget "Unsplash_with_storyboard_tutorial" */ = {
			isa = XCConfigurationList;
			buildConfigurations = (
				F2A2338524EF580D00CF4767 /* Debug */,
				F2A2338624EF580D00CF4767 /* Release */,
			);
			defaultConfigurationIsVisible = 0;
			defaultConfigurationName = Release;
		};
/* End XCConfigurationList section */
	};
	rootObject = F2A2336824EF580B00CF4767 /* Project object */;
}
